
Microsoft Visual Studio Solution File, Format Version 12.00
# Visual Studio 15
VisualStudioVersion = 15.0.28307.168
MinimumVisualStudioVersion = 10.0.40219.1
Project("{8BC9CEB8-8B4A-11D0-8D11-00A0C91BC942}") = "ret-sync", "syncplugin.vcxproj", "{BBBBBBBB-FFFF-EEEE-CCCC-AAAAAAAAAAAA}"
EndProject
Global
	GlobalSection(SolutionConfigurationPlatforms) = preSolution
		Debug|Win32 = Debug|Win32
		Release|Win32 = Release|Win32
	EndGlobalSection
	GlobalSection(ProjectConfigurationPlatforms) = postSolution
		{BBBBBBBB-FFFF-EEEE-CCCC-AAAAAAAAAAAA}.Debug|Win32.ActiveCfg = Release|Win32
		{BBBBBBBB-FFFF-EEEE-CCCC-AAAAAAAAAAAA}.Debug|Win32.Build.0 = Release|Win32
		{BBBBBBBB-FFFF-EEEE-CCCC-AAAAAAAAAAAA}.Release|Win32.ActiveCfg = Release|Win32
		{BBBBBBBB-FFFF-EEEE-CCCC-AAAAAAAAAAAA}.Release|Win32.Build.0 = Release|Win32
	EndGlobalSection
	GlobalSection(SolutionProperties) = preSolution
		HideSolutionNode = FALSE
	EndGlobalSection
	GlobalSection(ExtensibilityGlobals) = postSolution
		SolutionGuid = {E3CA12AC-A3EE-4271-BFFA-58A7A14A1554}
	EndGlobalSection
EndGlobal
